// !$*UTF8*$!
{
	archiveVersion = 1;
	classes = {
	};
	objectVersion = 56;
	objects = {

/* Begin PBXBuildFile section */
		BD7821AD2C525FCB0005F531 /* interactiveUIApp.swift in Sources */ = {isa = PBXBuildFile; fileRef = BD7821AC2C525FCB0005F531 /* interactiveUIApp.swift */; };
		BD7821AF2C525FCB0005F531 /* ContentView.swift in Sources */ = {isa = PBXBuildFile; fileRef = BD7821AE2C525FCB0005F531 /* ContentView.swift */; };
		BD7821B12C525FCD0005F531 /* Assets.xcassets in Resources */ = {isa = PBXBuildFile; fileRef = BD7821B02C525FCD0005F531 /* Assets.xcassets */; };
		BD7821B42C525FCD0005F531 /* Preview Assets.xcassets in Resources */ = {isa = PBXBuildFile; fileRef = BD7821B32C525FCD0005F531 /* Preview Assets.xcassets */; };
		BD7821BE2C525FCD0005F531 /* interactiveUITests.swift in Sources */ = {isa = PBXBuildFile; fileRef = BD7821BD2C525FCD0005F531 /* interactiveUITests.swift */; };
		BD7821C82C525FCD0005F531 /* interactiveUIUITests.swift in Sources */ = {isa = PBXBuildFile; fileRef = BD7821C72C525FCD0005F531 /* interactiveUIUITests.swift */; };
		BD7821CA2C525FCD0005F531 /* interactiveUIUITestsLaunchTests.swift in Sources */ = {isa = PBXBuildFile; fileRef = BD7821C92C525FCD0005F531 /* interactiveUIUITestsLaunchTests.swift */; };
/* End PBXBuildFile section */

/* Begin PBXContainerItemProxy section */
		BD7821BA2C525FCD0005F531 /* PBXContainerItemProxy */ = {
			isa = PBXContainerItemProxy;
			containerPortal = BD7821A12C525FCB0005F531 /* Project object */;
			proxyType = 1;
			remoteGlobalIDString = BD7821A82C525FCB0005F531;
			remoteInfo = interactiveUI;
		};
		BD7821C42C525FCD0005F531 /* PBXContainerItemProxy */ = {
			isa = PBXContainerItemProxy;
			containerPortal = BD7821A12C525FCB0005F531 /* Project object */;
			proxyType = 1;
			remoteGlobalIDString = BD7821A82C525FCB0005F531;
			remoteInfo = interactiveUI;
		};
/* End PBXContainerItemProxy section */

/* Begin PBXFileReference section */
		BD7821A92C525FCB0005F531 /* interactiveUI.app */ = {isa = PBXFileReference; explicitFileType = wrapper.application; includeInIndex = 0; path = interactiveUI.app; sourceTree = BUILT_PRODUCTS_DIR; };
		BD7821AC2C525FCB0005F531 /* interactiveUIApp.swift */ = {isa = PBXFileReference; lastKnownFileType = sourcecode.swift; path = interactiveUIApp.swift; sourceTree = "<group>"; };
		BD7821AE2C525FCB0005F531 /* ContentView.swift */ = {isa = PBXFileReference; lastKnownFileType = sourcecode.swift; path = ContentView.swift; sourceTree = "<group>"; };
		BD7821B02C525FCD0005F531 /* Assets.xcassets */ = {isa = PBXFileReference; lastKnownFileType = folder.assetcatalog; path = Assets.xcassets; sourceTree = "<group>"; };
		BD7821B32C525FCD0005F531 /* Preview Assets.xcassets */ = {isa = PBXFileReference; lastKnownFileType = folder.assetcatalog; path = "Preview Assets.xcassets"; sourceTree = "<group>"; };
		BD7821B92C525FCD0005F531 /* interactiveUITests.xctest */ = {isa = PBXFileReference; explicitFileType = wrapper.cfbundle; includeInIndex = 0; path = interactiveUITests.xctest; sourceTree = BUILT_PRODUCTS_DIR; };
		BD7821BD2C525FCD0005F531 /* interactiveUITests.swift */ = {isa = PBXFileReference; lastKnownFileType = sourcecode.swift; path = interactiveUITests.swift; sourceTree = "<group>"; };
		BD7821C32C525FCD0005F531 /* interactiveUIUITests.xctest */ = {isa = PBXFileReference; explicitFileType = wrapper.cfbundle; includeInIndex = 0; path = interactiveUIUITests.xctest; sourceTree = BUILT_PRODUCTS_DIR; };
		BD7821C72C525FCD0005F531 /* interactiveUIUITests.swift */ = {isa = PBXFileReference; lastKnownFileType = sourcecode.swift; path = interactiveUIUITests.swift; sourceTree = "<group>"; };
		BD7821C92C525FCD0005F531 /* interactiveUIUITestsLaunchTests.swift */ = {isa = PBXFileReference; lastKnownFileType = sourcecode.swift; path = interactiveUIUITestsLaunchTests.swift; sourceTree = "<group>"; };
/* End PBXFileReference section */

/* Begin PBXFrameworksBuildPhase section */
		BD7821A62C525FCB0005F531 /* Frameworks */ = {
			isa = PBXFrameworksBuildPhase;
			buildActionMask = 2147483647;
			files = (
			);
			runOnlyForDeploymentPostprocessing = 0;
		};
		BD7821B62C525FCD0005F531 /* Frameworks */ = {
			isa = PBXFrameworksBuildPhase;
			buildActionMask = 2147483647;
			files = (
			);
			runOnlyForDeploymentPostprocessing = 0;
		};
		BD7821C02C525FCD0005F531 /* Frameworks */ = {
			isa = PBXFrameworksBuildPhase;
			buildActionMask = 2147483647;
			files = (
			);
			runOnlyForDeploymentPostprocessing = 0;
		};
/* End PBXFrameworksBuildPhase section */

/* Begin PBXGroup section */
		BD7821A02C525FCB0005F531 = {
			isa = PBXGroup;
			children = (
				BD7821AB2C525FCB0005F531 /* interactiveUI */,
				BD7821BC2C525FCD0005F531 /* interactiveUITests */,
				BD7821C62C525FCD0005F531 /* interactiveUIUITests */,
				BD7821AA2C525FCB0005F531 /* Products */,
			);
			sourceTree = "<group>";
		};
		BD7821AA2C525FCB0005F531 /* Products */ = {
			isa = PBXGroup;
			children = (
				BD7821A92C525FCB0005F531 /* interactiveUI.app */,
				BD7821B92C525FCD0005F531 /* interactiveUITests.xctest */,
				BD7821C32C525FCD0005F531 /* interactiveUIUITests.xctest */,
			);
			name = Products;
			sourceTree = "<group>";
		};
		BD7821AB2C525FCB0005F531 /* interactiveUI */ = {
			isa = PBXGroup;
			children = (
				BD7821AC2C525FCB0005F531 /* interactiveUIApp.swift */,
				BD7821AE2C525FCB0005F531 /* ContentView.swift */,
				BD7821B02C525FCD0005F531 /* Assets.xcassets */,
				BD7821B22C525FCD0005F531 /* Preview Content */,
			);
			path = interactiveUI;
			sourceTree = "<group>";
		};
		BD7821B22C525FCD0005F531 /* Preview Content */ = {
			isa = PBXGroup;
			children = (
				BD7821B32C525FCD0005F531 /* Preview Assets.xcassets */,
			);
			path = "Preview Content";
			sourceTree = "<group>";
		};
		BD7821BC2C525FCD0005F531 /* interactiveUITests */ = {
			isa = PBXGroup;
			children = (
				BD7821BD2C525FCD0005F531 /* interactiveUITests.swift */,
			);
			path = interactiveUITests;
			sourceTree = "<group>";
		};
		BD7821C62C525FCD0005F531 /* interactiveUIUITests */ = {
			isa = PBXGroup;
			children = (
				BD7821C72C525FCD0005F531 /* interactiveUIUITests.swift */,
				BD7821C92C525FCD0005F531 /* interactiveUIUITestsLaunchTests.swift */,
			);
			path = interactiveUIUITests;
			sourceTree = "<group>";
		};
/* End PBXGroup section */

/* Begin PBXNativeTarget section */
		BD7821A82C525FCB0005F531 /* interactiveUI */ = {
			isa = PBXNativeTarget;
			buildConfigurationList = BD7821CD2C525FCD0005F531 /* Build configuration list for PBXNativeTarget "interactiveUI" */;
			buildPhases = (
				BD7821A52C525FCB0005F531 /* Sources */,
				BD7821A62C525FCB0005F531 /* Frameworks */,
				BD7821A72C525FCB0005F531 /* Resources */,
			);
			buildRules = (
			);
			dependencies = (
			);
			name = interactiveUI;
			productName = interactiveUI;
			productReference = BD7821A92C525FCB0005F531 /* interactiveUI.app */;
			productType = "com.apple.product-type.application";
		};
		BD7821B82C525FCD0005F531 /* interactiveUITests */ = {
			isa = PBXNativeTarget;
			buildConfigurationList = BD7821D02C525FCD0005F531 /* Build configuration list for PBXNativeTarget "interactiveUITests" */;
			buildPhases = (
				BD7821B52C525FCD0005F531 /* Sources */,
				BD7821B62C525FCD0005F531 /* Frameworks */,
				BD7821B72C525FCD0005F531 /* Resources */,
			);
			buildRules = (
			);
			dependencies = (
				BD7821BB2C525FCD0005F531 /* PBXTargetDependency */,
			);
			name = interactiveUITests;
			productName = interactiveUITests;
			productReference = BD7821B92C525FCD0005F531 /* interactiveUITests.xctest */;
			productType = "com.apple.product-type.bundle.unit-test";
		};
		BD7821C22C525FCD0005F531 /* interactiveUIUITests */ = {
			isa = PBXNativeTarget;
			buildConfigurationList = BD7821D32C525FCD0005F531 /* Build configuration list for PBXNativeTarget "interactiveUIUITests" */;
			buildPhases = (
				BD7821BF2C525FCD0005F531 /* Sources */,
				BD7821C02C525FCD0005F531 /* Frameworks */,
				BD7821C12C525FCD0005F531 /* Resources */,
			);
			buildRules = (
			);
			dependencies = (
				BD7821C52C525FCD0005F531 /* PBXTargetDependency */,
			);
			name = interactiveUIUITests;
			productName = interactiveUIUITests;
			productReference = BD7821C32C525FCD0005F531 /* interactiveUIUITests.xctest */;
			productType = "com.apple.product-type.bundle.ui-testing";
		};
/* End PBXNativeTarget section */

/* Begin PBXProject section */
		BD7821A12C525FCB0005F531 /* Project object */ = {
			isa = PBXProject;
			attributes = {
				BuildIndependentTargetsInParallel = 1;
				LastSwiftUpdateCheck = 1540;
				LastUpgradeCheck = 1540;
				TargetAttributes = {
					BD7821A82C525FCB0005F531 = {
						CreatedOnToolsVersion = 15.4;
					};
					BD7821B82C525FCD0005F531 = {
						CreatedOnToolsVersion = 15.4;
						TestTargetID = BD7821A82C525FCB0005F531;
					};
					BD7821C22C525FCD0005F531 = {
						CreatedOnToolsVersion = 15.4;
						TestTargetID = BD7821A82C525FCB0005F531;
					};
				};
			};
			buildConfigurationList = BD7821A42C525FCB0005F531 /* Build configuration list for PBXProject "interactiveUI" */;
			compatibilityVersion = "Xcode 14.0";
			developmentRegion = en;
			hasScannedForEncodings = 0;
			knownRegions = (
				en,
				Base,
			);
			mainGroup = BD7821A02C525FCB0005F531;
			productRefGroup = BD7821AA2C525FCB0005F531 /* Products */;
			projectDirPath = "";
			projectRoot = "";
			targets = (
				BD7821A82C525FCB0005F531 /* interactiveUI */,
				BD7821B82C525FCD0005F531 /* interactiveUITests */,
				BD7821C22C525FCD0005F531 /* interactiveUIUITests */,
			);
		};
/* End PBXProject section */

/* Begin PBXResourcesBuildPhase section */
		BD7821A72C525FCB0005F531 /* Resources */ = {
			isa = PBXResourcesBuildPhase;
			buildActionMask = 2147483647;
			files = (
				BD7821B42C525FCD0005F531 /* Preview Assets.xcassets in Resources */,
				BD7821B12C525FCD0005F531 /* Assets.xcassets in Resources */,
			);
			runOnlyForDeploymentPostprocessing = 0;
		};
		BD7821B72C525FCD0005F531 /* Resources */ = {
			isa = PBXResourcesBuildPhase;
			buildActionMask = 2147483647;
			files = (
			);
			runOnlyForDeploymentPostprocessing = 0;
		};
		BD7821C12C525FCD0005F531 /* Resources */ = {
			isa = PBXResourcesBuildPhase;
			buildActionMask = 2147483647;
			files = (
			);
			runOnlyForDeploymentPostprocessing = 0;
		};
/* End PBXResourcesBuildPhase section */

/* Begin PBXSourcesBuildPhase section */
		BD7821A52C525FCB0005F531 /* Sources */ = {
			isa = PBXSourcesBuildPhase;
			buildActionMask = 2147483647;
			files = (
				BD7821AF2C525FCB0005F531 /* ContentView.swift in Sources */,
				BD7821AD2C525FCB0005F531 /* interactiveUIApp.swift in Sources */,
			);
			runOnlyForDeploymentPostprocessing = 0;
		};
		BD7821B52C525FCD0005F531 /* Sources */ = {
			isa = PBXSourcesBuildPhase;
			buildActionMask = 2147483647;
			files = (
				BD7821BE2C525FCD0005F531 /* interactiveUITests.swift in Sources */,
			);
			runOnlyForDeploymentPostprocessing = 0;
		};
		BD7821BF2C525FCD0005F531 /* Sources */ = {
			isa = PBXSourcesBuildPhase;
			buildActionMask = 2147483647;
			files = (
				BD7821C82C525FCD0005F531 /* interactiveUIUITests.swift in Sources */,
				BD7821CA2C525FCD0005F531 /* interactiveUIUITestsLaunchTests.swift in Sources */,
			);
			runOnlyForDeploymentPostprocessing = 0;
		};
/* End PBXSourcesBuildPhase section */

/* Begin PBXTargetDependency section */
		BD7821BB2C525FCD0005F531 /* PBXTargetDependency */ = {
			isa = PBXTargetDependency;
			target = BD7821A82C525FCB0005F531 /* interactiveUI */;
			targetProxy = BD7821BA2C525FCD0005F531 /* PBXContainerItemProxy */;
		};
		BD7821C52C525FCD0005F531 /* PBXTargetDependency */ = {
			isa = PBXTargetDependency;
			target = BD7821A82C525FCB0005F531 /* interactiveUI */;
			targetProxy = BD7821C42C525FCD0005F531 /* PBXContainerItemProxy */;
		};
/* End PBXTargetDependency section */

/* Begin XCBuildConfiguration section */
		BD7821CB2C525FCD0005F531 /* Debug */ = {
			isa = XCBuildConfiguration;
			buildSettings = {
				ALWAYS_SEARCH_USER_PATHS = NO;
				ASSETCATALOG_COMPILER_GENERATE_SWIFT_ASSET_SYMBOL_EXTENSIONS = YES;
				CLANG_ANALYZER_NONNULL = YES;
				CLANG_ANALYZER_NUMBER_OBJECT_CONVERSION = YES_AGGRESSIVE;
				CLANG_CXX_LANGUAGE_STANDARD = "gnu++20";
				CLANG_ENABLE_MODULES = YES;
				CLANG_ENABLE_OBJC_ARC = YES;
				CLANG_ENABLE_OBJC_WEAK = YES;
				CLANG_WARN_BLOCK_CAPTURE_AUTORELEASING = YES;
				CLANG_WARN_BOOL_CONVERSION = YES;
				CLANG_WARN_COMMA = YES;
				CLANG_WARN_CONSTANT_CONVERSION = YES;
				CLANG_WARN_DEPRECATED_OBJC_IMPLEMENTATIONS = YES;
				CLANG_WARN_DIRECT_OBJC_ISA_USAGE = YES_ERROR;
				CLANG_WARN_DOCUMENTATION_COMMENTS = YES;
				CLANG_WARN_EMPTY_BODY = YES;
				CLANG_WARN_ENUM_CONVERSION = YES;
				CLANG_WARN_INFINITE_RECURSION = YES;
				CLANG_WARN_INT_CONVERSION = YES;
				CLANG_WARN_NON_LITERAL_NULL_CONVERSION = YES;
				CLANG_WARN_OBJC_IMPLICIT_RETAIN_SELF = YES;
				CLANG_WARN_OBJC_LITERAL_CONVERSION = YES;
				CLANG_WARN_OBJC_ROOT_CLASS = YES_ERROR;
				CLANG_WARN_QUOTED_INCLUDE_IN_FRAMEWORK_HEADER = YES;
				CLANG_WARN_RANGE_LOOP_ANALYSIS = YES;
				CLANG_WARN_STRICT_PROTOTYPES = YES;
				CLANG_WARN_SUSPICIOUS_MOVE = YES;
				CLANG_WARN_UNGUARDED_AVAILABILITY = YES_AGGRESSIVE;
				CLANG_WARN_UNREACHABLE_CODE = YES;
				CLANG_WARN__DUPLICATE_METHOD_MATCH = YES;
				COPY_PHASE_STRIP = NO;
				DEBUG_INFORMATION_FORMAT = dwarf;
				ENABLE_STRICT_OBJC_MSGSEND = YES;
				ENABLE_TESTABILITY = YES;
				ENABLE_USER_SCRIPT_SANDBOXING = YES;
				GCC_C_LANGUAGE_STANDARD = gnu17;
				GCC_DYNAMIC_NO_PIC = NO;
				GCC_NO_COMMON_BLOCKS = YES;
				GCC_OPTIMIZATION_LEVEL = 0;
				GCC_PREPROCESSOR_DEFINITIONS = (
					"DEBUG=1",
					"$(inherited)",
				);
				GCC_WARN_64_TO_32_BIT_CONVERSION = YES;
				GCC_WARN_ABOUT_RETURN_TYPE = YES_ERROR;
				GCC_WARN_UNDECLARED_SELECTOR = YES;
				GCC_WARN_UNINITIALIZED_AUTOS = YES_AGGRESSIVE;
				GCC_WARN_UNUSED_FUNCTION = YES;
				GCC_WARN_UNUSED_VARIABLE = YES;
				IPHONEOS_DEPLOYMENT_TARGET = 17.5;
				LOCALIZATION_PREFERS_STRING_CATALOGS = YES;
				MTL_ENABLE_DEBUG_INFO = INCLUDE_SOURCE;
				MTL_FAST_MATH = YES;
				ONLY_ACTIVE_ARCH = YES;
				SDKROOT = iphoneos;
				SWIFT_ACTIVE_COMPILATION_CONDITIONS = "DEBUG $(inherited)";
				SWIFT_OPTIMIZATION_LEVEL = "-Onone";
			};
			name = Debug;
		};
		BD7821CC2C525FCD0005F531 /* Release */ = {
			isa = XCBuildConfiguration;
			buildSettings = {
				ALWAYS_SEARCH_USER_PATHS = NO;
				ASSETCATALOG_COMPILER_GENERATE_SWIFT_ASSET_SYMBOL_EXTENSIONS = YES;
				CLANG_ANALYZER_NONNULL = YES;
				CLANG_ANALYZER_NUMBER_OBJECT_CONVERSION = YES_AGGRESSIVE;
				CLANG_CXX_LANGUAGE_STANDARD = "gnu++20";
				CLANG_ENABLE_MODULES = YES;
				CLANG_ENABLE_OBJC_ARC = YES;
				CLANG_ENABLE_OBJC_WEAK = YES;
				CLANG_WARN_BLOCK_CAPTURE_AUTORELEASING = YES;
				CLANG_WARN_BOOL_CONVERSION = YES;
				CLANG_WARN_COMMA = YES;
				CLANG_WARN_CONSTANT_CONVERSION = YES;
				CLANG_WARN_DEPRECATED_OBJC_IMPLEMENTATIONS = YES;
				CLANG_WARN_DIRECT_OBJC_ISA_USAGE = YES_ERROR;
				CLANG_WARN_DOCUMENTATION_COMMENTS = YES;
				CLANG_WARN_EMPTY_BODY = YES;
				CLANG_WARN_ENUM_CONVERSION = YES;
				CLANG_WARN_INFINITE_RECURSION = YES;
				CLANG_WARN_INT_CONVERSION = YES;
				CLANG_WARN_NON_LITERAL_NULL_CONVERSION = YES;
				CLANG_WARN_OBJC_IMPLICIT_RETAIN_SELF = YES;
				CLANG_WARN_OBJC_LITERAL_CONVERSION = YES;
				CLANG_WARN_OBJC_ROOT_CLASS = YES_ERROR;
				CLANG_WARN_QUOTED_INCLUDE_IN_FRAMEWORK_HEADER = YES;
				CLANG_WARN_RANGE_LOOP_ANALYSIS = YES;
				CLANG_WARN_STRICT_PROTOTYPES = YES;
				CLANG_WARN_SUSPICIOUS_MOVE = YES;
				CLANG_WARN_UNGUARDED_AVAILABILITY = YES_AGGRESSIVE;
				CLANG_WARN_UNREACHABLE_CODE = YES;
				CLANG_WARN__DUPLICATE_METHOD_MATCH = YES;
				COPY_PHASE_STRIP = NO;
				DEBUG_INFORMATION_FORMAT = "dwarf-with-dsym";
				ENABLE_NS_ASSERTIONS = NO;
				ENABLE_STRICT_OBJC_MSGSEND = YES;
				ENABLE_USER_SCRIPT_SANDBOXING = YES;
				GCC_C_LANGUAGE_STANDARD = gnu17;
				GCC_NO_COMMON_BLOCKS = YES;
				GCC_WARN_64_TO_32_BIT_CONVERSION = YES;
				GCC_WARN_ABOUT_RETURN_TYPE = YES_ERROR;
				GCC_WARN_UNDECLARED_SELECTOR = YES;
				GCC_WARN_UNINITIALIZED_AUTOS = YES_AGGRESSIVE;
				GCC_WARN_UNUSED_FUNCTION = YES;
				GCC_WARN_UNUSED_VARIABLE = YES;
				IPHONEOS_DEPLOYMENT_TARGET = 17.5;
				LOCALIZATION_PREFERS_STRING_CATALOGS = YES;
				MTL_ENABLE_DEBUG_INFO = NO;
				MTL_FAST_MATH = YES;
				SDKROOT = iphoneos;
				SWIFT_COMPILATION_MODE = wholemodule;
				VALIDATE_PRODUCT = YES;
			};
			name = Release;
		};
		BD7821CE2C525FCD0005F531 /* Debug */ = {
			isa = XCBuildConfiguration;
			buildSettings = {
				ASSETCATALOG_COMPILER_APPICON_NAME = AppIcon;
				ASSETCATALOG_COMPILER_GLOBAL_ACCENT_COLOR_NAME = AccentColor;
				CODE_SIGN_STYLE = Automatic;
				CURRENT_PROJECT_VERSION = 1;
				DEVELOPMENT_ASSET_PATHS = "\"interactiveUI/Preview Content\"";
				ENABLE_PREVIEWS = YES;
				GENERATE_INFOPLIST_FILE = YES;
				INFOPLIST_KEY_UIApplicationSceneManifest_Generation = YES;
				INFOPLIST_KEY_UIApplicationSupportsIndirectInputEvents = YES;
				INFOPLIST_KEY_UILaunchScreen_Generation = YES;
				INFOPLIST_KEY_UISupportedInterfaceOrientations_iPad = "UIInterfaceOrientationPortrait UIInterfaceOrientationPortraitUpsideDown UIInterfaceOrientationLandscapeLeft UIInterfaceOrientationLandscapeRight";
				INFOPLIST_KEY_UISupportedInterfaceOrientations_iPhone = "UIInterfaceOrientationPortrait UIInterfaceOrientationLandscapeLeft UIInterfaceOrientationLandscapeRight";
				LD_RUNPATH_SEARCH_PATHS = (
					"$(inherited)",
					"@executable_path/Frameworks",
				);
				MARKETING_VERSION = 1.0;
				PRODUCT_BUNDLE_IDENTIFIER = kwk.interactiveUI;
				PRODUCT_NAME = "$(TARGET_NAME)";
				SWIFT_EMIT_LOC_STRINGS = YES;
				SWIFT_VERSION = 5.0;
				TARGETED_DEVICE_FAMILY = "1,2";
			};
			name = Debug;
		};
		BD7821CF2C525FCD0005F531 /* Release */ = {
			isa = XCBuildConfiguration;
			buildSettings = {
				ASSETCATALOG_COMPILER_APPICON_NAME = AppIcon;
				ASSETCATALOG_COMPILER_GLOBAL_ACCENT_COLOR_NAME = AccentColor;
				CODE_SIGN_STYLE = Automatic;
				CURRENT_PROJECT_VERSION = 1;
				DEVELOPMENT_ASSET_PATHS = "\"interactiveUI/Preview Content\"";
				ENABLE_PREVIEWS = YES;
				GENERATE_INFOPLIST_FILE = YES;
				INFOPLIST_KEY_UIApplicationSceneManifest_Generation = YES;
				INFOPLIST_KEY_UIApplicationSupportsIndirectInputEvents = YES;
				INFOPLIST_KEY_UILaunchScreen_Generation = YES;
				INFOPLIST_KEY_UISupportedInterfaceOrientations_iPad = "UIInterfaceOrientationPortrait UIInterfaceOrientationPortraitUpsideDown UIInterfaceOrientationLandscapeLeft UIInterfaceOrientationLandscapeRight";
				INFOPLIST_KEY_UISupportedInterfaceOrientations_iPhone = "UIInterfaceOrientationPortrait UIInterfaceOrientationLandscapeLeft UIInterfaceOrientationLandscapeRight";
				LD_RUNPATH_SEARCH_PATHS = (
					"$(inherited)",
					"@executable_path/Frameworks",
				);
				MARKETING_VERSION = 1.0;
				PRODUCT_BUNDLE_IDENTIFIER = kwk.interactiveUI;
				PRODUCT_NAME = "$(TARGET_NAME)";
				SWIFT_EMIT_LOC_STRINGS = YES;
				SWIFT_VERSION = 5.0;
				TARGETED_DEVICE_FAMILY = "1,2";
			};
			name = Release;
		};
		BD7821D12C525FCD0005F531 /* Debug */ = {
			isa = XCBuildConfiguration;
			buildSettings = {
				ALWAYS_EMBED_SWIFT_STANDARD_LIBRARIES = YES;
				BUNDLE_LOADER = "$(TEST_HOST)";
				CODE_SIGN_STYLE = Automatic;
				CURRENT_PROJECT_VERSION = 1;
				GENERATE_INFOPLIST_FILE = YES;
				IPHONEOS_DEPLOYMENT_TARGET = 17.5;
				MARKETING_VERSION = 1.0;
				PRODUCT_BUNDLE_IDENTIFIER = kwk.interactiveUITests;
				PRODUCT_NAME = "$(TARGET_NAME)";
				SWIFT_EMIT_LOC_STRINGS = NO;
				SWIFT_VERSION = 5.0;
				TARGETED_DEVICE_FAMILY = "1,2";
				TEST_HOST = "$(BUILT_PRODUCTS_DIR)/interactiveUI.app/$(BUNDLE_EXECUTABLE_FOLDER_PATH)/interactiveUI";
			};
			name = Debug;
		};
		BD7821D22C525FCD0005F531 /* Release */ = {
			isa = XCBuildConfiguration;
			buildSettings = {
				ALWAYS_EMBED_SWIFT_STANDARD_LIBRARIES = YES;
				BUNDLE_LOADER = "$(TEST_HOST)";
				CODE_SIGN_STYLE = Automatic;
				CURRENT_PROJECT_VERSION = 1;
				GENERATE_INFOPLIST_FILE = YES;
				IPHONEOS_DEPLOYMENT_TARGET = 17.5;
				MARKETING_VERSION = 1.0;
				PRODUCT_BUNDLE_IDENTIFIER = kwk.interactiveUITests;
				PRODUCT_NAME = "$(TARGET_NAME)";
				SWIFT_EMIT_LOC_STRINGS = NO;
				SWIFT_VERSION = 5.0;
				TARGETED_DEVICE_FAMILY = "1,2";
				TEST_HOST = "$(BUILT_PRODUCTS_DIR)/interactiveUI.app/$(BUNDLE_EXECUTABLE_FOLDER_PATH)/interactiveUI";
			};
			name = Release;
		};
		BD7821D42C525FCD0005F531 /* Debug */ = {
			isa = XCBuildConfiguration;
			buildSettings = {
				ALWAYS_EMBED_SWIFT_STANDARD_LIBRARIES = YES;
				CODE_SIGN_STYLE = Automatic;
				CURRENT_PROJECT_VERSION = 1;
				GENERATE_INFOPLIST_FILE = YES;
				MARKETING_VERSION = 1.0;
				PRODUCT_BUNDLE_IDENTIFIER = kwk.interactiveUIUITests;
				PRODUCT_NAME = "$(TARGET_NAME)";
				SWIFT_EMIT_LOC_STRINGS = NO;
				SWIFT_VERSION = 5.0;
				TARGETED_DEVICE_FAMILY = "1,2";
				TEST_TARGET_NAME = interactiveUI;
			};
			name = Debug;
		};
		BD7821D52C525FCD0005F531 /* Release */ = {
			isa = XCBuildConfiguration;
			buildSettings = {
				ALWAYS_EMBED_SWIFT_STANDARD_LIBRARIES = YES;
				CODE_SIGN_STYLE = Automatic;
				CURRENT_PROJECT_VERSION = 1;
				GENERATE_INFOPLIST_FILE = YES;
				MARKETING_VERSION = 1.0;
				PRODUCT_BUNDLE_IDENTIFIER = kwk.interactiveUIUITests;
				PRODUCT_NAME = "$(TARGET_NAME)";
				SWIFT_EMIT_LOC_STRINGS = NO;
				SWIFT_VERSION = 5.0;
				TARGETED_DEVICE_FAMILY = "1,2";
				TEST_TARGET_NAME = interactiveUI;
			};
			name = Release;
		};
/* End XCBuildConfiguration section */

/* Begin XCConfigurationList section */
		BD7821A42C525FCB0005F531 /* Build configuration list for PBXProject "interactiveUI" */ = {
			isa = XCConfigurationList;
			buildConfigurations = (
				BD7821CB2C525FCD0005F531 /* Debug */,
				BD7821CC2C525FCD0005F531 /* Release */,
			);
			defaultConfigurationIsVisible = 0;
			defaultConfigurationName = Release;
		};
		BD7821CD2C525FCD0005F531 /* Build configuration list for PBXNativeTarget "interactiveUI" */ = {
			isa = XCConfigurationList;
			buildConfigurations = (
				BD7821CE2C525FCD0005F531 /* Debug */,
				BD7821CF2C525FCD0005F531 /* Release */,
			);
			defaultConfigurationIsVisible = 0;
			defaultConfigurationName = Release;
		};
		BD7821D02C525FCD0005F531 /* Build configuration list for PBXNativeTarget "interactiveUITests" */ = {
			isa = XCConfigurationList;
			buildConfigurations = (
				BD7821D12C525FCD0005F531 /* Debug */,
				BD7821D22C525FCD0005F531 /* Release */,
			);
			defaultConfigurationIsVisible = 0;
			defaultConfigurationName = Release;
		};
		BD7821D32C525FCD0005F531 /* Build configuration list for PBXNativeTarget "interactiveUIUITests" */ = {
			isa = XCConfigurationList;
			buildConfigurations = (
				BD7821D42C525FCD0005F531 /* Debug */,
				BD7821D52C525FCD0005F531 /* Release */,
			);
			defaultConfigurationIsVisible = 0;
			defaultConfigurationName = Release;
		};
/* End XCConfigurationList section */
	};
	rootObject = BD7821A12C525FCB0005F531 /* Project object */;
}
